lockVersion: 2.0.0
id: 2b5389df-1a66-48db-9240-ca449edd6793
management:
  docChecksum: 033c4c71d0489744ce276eb3a594162c
  docVersion: 0.0.0
  speakeasyVersion: 1.360.0
  generationVersion: 2.392.0
  releaseVersion: 1.0.0-alpha.18
  configChecksum: 906becd950eaf70ad6b2e29aea04843d
  repoURL: https://github.com/formancehq/formance-sdk-typescript-next.git
  repoSubDirectory: packages/client-flows
  installationURL: https://gitpkg.now.sh/formancehq/formance-sdk-typescript-next/packages/client-flows
  published: true
features:
  typescript:
    additionalDependencies: 0.1.0
    core: 3.13.0
    defaultEnabledRetries: 0.1.0
    envVarSecurityUsage: 0.1.1
    errors: 2.82.0
    flattening: 2.81.1
    globalSecurity: 2.82.11
    globalSecurityCallbacks: 0.1.0
    globalServerURLs: 2.82.4
    groups: 2.81.2
    nameOverrides: 2.81.2
    oauth2ClientCredentials: 0.1.4
    pagination: 2.82.6
    responseFormat: 0.2.3
    retries: 2.83.0
    sdkHooks: 0.1.0
    unions: 2.85.6
generatedFiles:
  - src/funcs/info.ts
  - src/funcs/instancesList.ts
  - src/funcs/instancesGet.ts
  - src/funcs/instancesAbort.ts
  - src/funcs/instancesSend.ts
  - src/funcs/instancesGetHistory.ts
  - src/funcs/instancesGetStageHistory.ts
  - src/funcs/triggersList.ts
  - src/funcs/triggersCreate.ts
  - src/funcs/triggersGet.ts
  - src/funcs/triggersDelete.ts
  - src/funcs/triggersListOccurences.ts
  - src/funcs/triggersTest.ts
  - src/funcs/workflowsList.ts
  - src/funcs/workflowsCreate.ts
  - src/funcs/workflowsGet.ts
  - src/funcs/workflowsDelete.ts
  - src/funcs/workflowsRun.ts
  - src/sdk/instances.ts
  - src/sdk/triggers.ts
  - src/sdk/workflows.ts
  - src/sdk/sdk.ts
  - .eslintrc.cjs
  - .npmignore
  - RUNTIMES.md
  - jsr.json
  - package.json
  - src/core.ts
  - src/index.ts
  - src/lib/base64.ts
  - src/lib/config.ts
  - src/lib/dlv.ts
  - src/lib/encodings.ts
  - src/lib/http.ts
  - src/lib/is-plain-object.ts
  - src/lib/logger.ts
  - src/lib/matchers.ts
  - src/lib/primitives.ts
  - src/lib/retries.ts
  - src/lib/schemas.ts
  - src/lib/sdks.ts
  - src/lib/security.ts
  - src/lib/url.ts
  - src/sdk/index.ts
  - src/models/errors/httpclienterrors.ts
  - src/models/errors/sdkerror.ts
  - src/models/errors/sdkvalidationerror.ts
  - src/types/blobs.ts
  - src/types/enums.ts
  - src/types/fp.ts
  - src/types/index.ts
  - src/types/operations.ts
  - src/types/rfcdate.ts
  - tsconfig.json
  - src/models/components/serverinfo.ts
  - src/models/components/workflowinstance.ts
  - src/models/components/workflowstatus.ts
  - src/models/components/flowerrors.ts
  - src/models/components/workflowinstancehistory.ts
  - src/models/components/stagesend.ts
  - src/models/components/stagedelay.ts
  - src/models/components/stagewaitevent.ts
  - src/models/components/workflowinstancehistorystage.ts
  - src/models/components/ledgeraccount.ts
  - src/models/components/ledgervolume.ts
  - src/models/components/ledgertransaction.ts
  - src/models/components/ledgerposting.ts
  - src/models/components/paymentspayment.ts
  - src/models/components/paymentspaymentadjustment.ts
  - src/models/components/paymentspaymentstatus.ts
  - src/models/components/paymentsconnector.ts
  - src/models/components/paymentspaymentscheme.ts
  - src/models/components/paymentspaymenttype.ts
  - src/models/components/walletshold.ts
  - src/models/components/walletcounterpart.ts
  - src/models/components/walletswalletcounterpartaccount.ts
  - src/models/components/walletswalletcounterpartwallet.ts
  - src/models/components/walletswallet.ts
  - src/models/components/ledgercreatetransactionwithpostings.ts
  - src/models/components/ledgercreatetransactionwithnumscript.ts
  - src/models/components/walletscreditwalletinput.ts
  - src/models/components/walletsdebitwalletinput.ts
  - src/models/components/trigger.ts
  - src/models/components/triggeroccurence.ts
  - src/models/components/triggertest.ts
  - src/models/components/workflow.ts
  - src/models/components/workflowconfig.ts
  - src/models/components/security.ts
  - src/models/components/schemeformanceoauth.ts
  - src/models/operations/instanceslist.ts
  - src/models/operations/instancesget.ts
  - src/models/operations/instancesabort.ts
  - src/models/operations/instancessend.ts
  - src/models/operations/instancesgethistory.ts
  - src/models/operations/instancesgetstagehistory.ts
  - src/models/operations/triggerslist.ts
  - src/models/operations/triggerscreate.ts
  - src/models/operations/triggersget.ts
  - src/models/operations/triggersdelete.ts
  - src/models/operations/triggerslistoccurences.ts
  - src/models/operations/triggerstest.ts
  - src/models/operations/workflowslist.ts
  - src/models/operations/workflowscreate.ts
  - src/models/operations/workflowsget.ts
  - src/models/operations/workflowsdelete.ts
  - src/models/operations/workflowsrun.ts
  - src/models/errors/flowerror.ts
  - src/models/errors/index.ts
  - src/models/components/index.ts
  - src/models/operations/index.ts
  - docs/models/components/serverinfo.md
  - docs/models/components/workflowinstance.md
  - docs/models/components/workflowstatus.md
  - docs/models/components/flowerrors.md
  - docs/models/components/input.md
  - docs/models/components/workflowinstancehistory.md
  - docs/models/components/amount.md
  - docs/models/components/paymnts.md
  - docs/models/components/three.md
  - docs/models/components/account.md
  - docs/models/components/two.md
  - docs/models/components/wallet.md
  - docs/models/components/one.md
  - docs/models/components/destination.md
  - docs/models/components/sourcepaymnts.md
  - docs/models/components/source3.md
  - docs/models/components/sourceaccount.md
  - docs/models/components/source2.md
  - docs/models/components/sourcewallet.md
  - docs/models/components/source1.md
  - docs/models/components/source.md
  - docs/models/components/stagesend.md
  - docs/models/components/stagedelay.md
  - docs/models/components/stagewaitevent.md
  - docs/models/components/stripetransfer.md
  - docs/models/components/ten.md
  - docs/models/components/listwallets.md
  - docs/models/components/nine.md
  - docs/models/components/voidhold.md
  - docs/models/components/eight.md
  - docs/models/components/getwallet.md
  - docs/models/components/seven.md
  - docs/models/components/debitwallet.md
  - docs/models/components/six.md
  - docs/models/components/creditwallet.md
  - docs/models/components/five.md
  - docs/models/components/confirmhold.md
  - docs/models/components/four.md
  - docs/models/components/getpayment.md
  - docs/models/components/input3.md
  - docs/models/components/data.md
  - docs/models/components/createtransaction.md
  - docs/models/components/input2.md
  - docs/models/components/getaccount.md
  - docs/models/components/input1.md
  - docs/models/components/workflowinstancehistorystageinput.md
  - docs/models/components/cursor.md
  - docs/models/components/workflowinstancehistorystageoutputdata.md
  - docs/models/components/listwallet.md
  - docs/models/components/output6.md
  - docs/models/components/balances.md
  - docs/models/components/outputdata.md
  - docs/models/components/outputgetwallet.md
  - docs/models/components/output5.md
  - docs/models/components/outputdebitwallet.md
  - docs/models/components/output4.md
  - docs/models/components/outputgetpayment.md
  - docs/models/components/output3.md
  - docs/models/components/outputcreatetransaction.md
  - docs/models/components/output2.md
  - docs/models/components/outputgetaccount.md
  - docs/models/components/output1.md
  - docs/models/components/output.md
  - docs/models/components/workflowinstancehistorystage.md
  - docs/models/components/ledgeraccount.md
  - docs/models/components/ledgervolume.md
  - docs/models/components/ledgertransaction.md
  - docs/models/components/ledgerposting.md
  - docs/models/components/paymentspayment.md
  - docs/models/components/paymentspaymentadjustment.md
  - docs/models/components/paymentspaymentstatus.md
  - docs/models/components/paymentsconnector.md
  - docs/models/components/paymentspaymentscheme.md
  - docs/models/components/paymentspaymenttype.md
  - docs/models/components/walletshold.md
  - docs/models/components/walletcounterpart.md
  - docs/models/components/type.md
  - docs/models/components/walletswalletcounterpartaccount.md
  - docs/models/components/walletswalletcounterpartwallettype.md
  - docs/models/components/walletswalletcounterpartwallet.md
  - docs/models/components/walletswallet.md
  - docs/models/components/ledgercreatetransactionwithpostings.md
  - docs/models/components/script.md
  - docs/models/components/ledgercreatetransactionwithnumscript.md
  - docs/models/components/walletscreditwalletinputamount.md
  - docs/models/components/walletscreditwalletinput.md
  - docs/models/components/walletsdebitwalletinputamount.md
  - docs/models/components/walletsdebitwalletinput.md
  - docs/models/components/trigger.md
  - docs/models/components/triggeroccurence.md
  - docs/models/components/filter.md
  - docs/models/components/variables.md
  - docs/models/components/triggertest.md
  - docs/models/components/workflow.md
  - docs/models/components/workflowconfig.md
  - docs/models/components/security.md
  - docs/models/components/schemeformanceoauth.md
  - docs/models/operations/instanceslistrequest.md
  - docs/models/operations/cursor.md
  - docs/models/operations/instanceslistresponsebody.md
  - docs/models/operations/instanceslistresponse.md
  - docs/models/operations/instancesgetrequest.md
  - docs/models/operations/instancesgetresponsebody.md
  - docs/models/operations/instancesabortrequest.md
  - docs/models/operations/instancessendrequestbody.md
  - docs/models/operations/instancessendrequest.md
  - docs/models/operations/instancesgethistoryrequest.md
  - docs/models/operations/instancesgethistoryresponsebody.md
  - docs/models/operations/instancesgetstagehistoryrequest.md
  - docs/models/operations/instancesgetstagehistoryresponsebody.md
  - docs/models/operations/triggerslistrequest.md
  - docs/models/operations/triggerslistcursor.md
  - docs/models/operations/triggerslistresponsebody.md
  - docs/models/operations/triggerslistresponse.md
  - docs/models/operations/triggerscreaterequestbody.md
  - docs/models/operations/triggerscreateresponsebody.md
  - docs/models/operations/triggersgetrequest.md
  - docs/models/operations/triggersgetresponsebody.md
  - docs/models/operations/triggersdeleterequest.md
  - docs/models/operations/triggerslistoccurencesrequest.md
  - docs/models/operations/triggerslistoccurencescursor.md
  - docs/models/operations/triggerslistoccurencesresponsebody.md
  - docs/models/operations/triggerslistoccurencesresponse.md
  - docs/models/operations/triggerstestrequest.md
  - docs/models/operations/triggerstestresponsebody.md
  - docs/models/operations/workflowslistrequest.md
  - docs/models/operations/workflowslistcursor.md
  - docs/models/operations/workflowslistresponsebody.md
  - docs/models/operations/workflowslistresponse.md
  - docs/models/operations/workflowscreateresponsebody.md
  - docs/models/operations/workflowsgetrequest.md
  - docs/models/operations/workflowsgetresponsebody.md
  - docs/models/operations/workflowsdeleterequest.md
  - docs/models/operations/workflowsrunrequest.md
  - docs/models/operations/workflowsrunresponsebody.md
  - docs/models/errors/flowerror.md
  - docs/lib/utils/retryconfig.md
  - docs/sdks/flowsclient/README.md
  - docs/sdks/instances/README.md
  - docs/sdks/triggers/README.md
  - docs/sdks/workflows/README.md
  - USAGE.md
  - .gitattributes
  - src/hooks/hooks.ts
  - src/hooks/types.ts
  - src/hooks/index.ts
  - src/hooks/clientcredentials.ts
  - CONTRIBUTING.md
