lockVersion: 2.0.0
id: 64fb2c32-9472-4d55-bf1c-59dd7cd1f2f0
management:
  docChecksum: 844301b449a020faa92cf022fcf1423c
  docVersion: 0.0.0
  speakeasyVersion: 1.360.0
  generationVersion: 2.392.0
  releaseVersion: 1.0.0-alpha.19
  configChecksum: 6136b51c6aeaccf6df0c2a3fc16bb2c9
  repoURL: https://github.com/formancehq/formance-sdk-typescript-next.git
  repoSubDirectory: packages/client-ledger
  installationURL: https://gitpkg.now.sh/formancehq/formance-sdk-typescript-next/packages/client-ledger
  published: true
features:
  typescript:
    additionalDependencies: 0.1.0
    core: 3.13.0
    defaultEnabledRetries: 0.1.0
    envVarSecurityUsage: 0.1.1
    errors: 2.82.0
    flattening: 2.81.1
    globalSecurity: 2.82.11
    globalSecurityCallbacks: 0.1.0
    globalServerURLs: 2.82.4
    groups: 2.81.2
    nameOverrides: 2.81.2
    oauth2ClientCredentials: 0.1.4
    pagination: 2.82.6
    responseFormat: 0.2.3
    retries: 2.83.0
    sdkHooks: 0.1.0
    unions: 2.85.6
generatedFiles:
  - src/funcs/info.ts
  - src/funcs/ledgersList.ts
  - src/funcs/ledgersGet.ts
  - src/funcs/ledgersCreate.ts
  - src/funcs/ledgersBulk.ts
  - src/funcs/ledgersInfo.ts
  - src/funcs/ledgersAddMetadata.ts
  - src/funcs/ledgersRemoveMetadata.ts
  - src/funcs/ledgersStats.ts
  - src/funcs/accountsList.ts
  - src/funcs/accountsCount.ts
  - src/funcs/accountsGet.ts
  - src/funcs/accountsAddMetadata.ts
  - src/funcs/accountsRemoveMetadata.ts
  - src/funcs/balancesAggregate.ts
  - src/funcs/balancesVolumes.ts
  - src/funcs/logsList.ts
  - src/funcs/logsExport.ts
  - src/funcs/logsIngest.ts
  - src/funcs/transactionsCount.ts
  - src/funcs/transactionsList.ts
  - src/funcs/transactionsCreate.ts
  - src/funcs/transactionsGet.ts
  - src/funcs/transactionsAddMetadata.ts
  - src/funcs/transactionsDeleteMetadata.ts
  - src/funcs/transactionsRevert.ts
  - src/sdk/ledgers.ts
  - src/sdk/accounts.ts
  - src/sdk/balances.ts
  - src/sdk/logs.ts
  - src/sdk/transactions.ts
  - src/sdk/sdk.ts
  - .eslintrc.cjs
  - .npmignore
  - RUNTIMES.md
  - jsr.json
  - package.json
  - src/core.ts
  - src/index.ts
  - src/lib/base64.ts
  - src/lib/config.ts
  - src/lib/dlv.ts
  - src/lib/encodings.ts
  - src/lib/http.ts
  - src/lib/is-plain-object.ts
  - src/lib/logger.ts
  - src/lib/matchers.ts
  - src/lib/primitives.ts
  - src/lib/retries.ts
  - src/lib/schemas.ts
  - src/lib/sdks.ts
  - src/lib/security.ts
  - src/lib/url.ts
  - src/sdk/index.ts
  - src/models/errors/httpclienterrors.ts
  - src/models/errors/sdkerror.ts
  - src/models/errors/sdkvalidationerror.ts
  - src/types/blobs.ts
  - src/types/enums.ts
  - src/types/fp.ts
  - src/types/index.ts
  - src/types/operations.ts
  - src/types/rfcdate.ts
  - tsconfig.json
  - src/models/components/serverinfo.ts
  - src/models/components/ledger.ts
  - src/models/components/ledgererrors.ts
  - src/models/components/bulkresponse.ts
  - src/models/components/createtransactionactionresponse.ts
  - src/models/components/transaction.ts
  - src/models/components/posting.ts
  - src/models/components/reverttransactionactionresponse.ts
  - src/models/components/addmetadataactionresponse.ts
  - src/models/components/deletemetadataactionresponse.ts
  - src/models/components/bulkaction.ts
  - src/models/components/createtransactionaction.ts
  - src/models/components/createtransactionwithpostings.ts
  - src/models/components/createtransactionwithnumscript.ts
  - src/models/components/addmetadataaction.ts
  - src/models/components/addmetadatatarget.ts
  - src/models/components/addmetadatatargetaccount.ts
  - src/models/components/addmetadatatargettransaction.ts
  - src/models/components/reverttransactionaction.ts
  - src/models/components/deletemetadataaction.ts
  - src/models/components/deletemetadatatarget.ts
  - src/models/components/deletemetadatatargetaccount.ts
  - src/models/components/deletemetadatatargettransaction.ts
  - src/models/components/ledgerinfo.ts
  - src/models/components/migration.ts
  - src/models/components/migrationstate.ts
  - src/models/components/account.ts
  - src/models/components/volume.ts
  - src/models/components/volumeitem.ts
  - src/models/components/logentry.ts
  - src/models/components/logentrytype.ts
  - src/models/components/expendedtransaction.ts
  - src/models/components/security.ts
  - src/models/components/schemeformanceoauth.ts
  - src/models/operations/ledgerslist.ts
  - src/models/operations/ledgersget.ts
  - src/models/operations/ledgerscreate.ts
  - src/models/operations/ledgersbulk.ts
  - src/models/operations/ledgersinfo.ts
  - src/models/operations/ledgersaddmetadata.ts
  - src/models/operations/ledgersremovemetadata.ts
  - src/models/operations/ledgersstats.ts
  - src/models/operations/accountslist.ts
  - src/models/operations/accountscount.ts
  - src/models/operations/accountsget.ts
  - src/models/operations/accountsaddmetadata.ts
  - src/models/operations/accountsremovemetadata.ts
  - src/models/operations/balancesaggregate.ts
  - src/models/operations/balancesvolumes.ts
  - src/models/operations/logslist.ts
  - src/models/operations/logsexport.ts
  - src/models/operations/logsingest.ts
  - src/models/operations/transactionscount.ts
  - src/models/operations/transactionslist.ts
  - src/models/operations/transactionscreate.ts
  - src/models/operations/transactionsget.ts
  - src/models/operations/transactionsaddmetadata.ts
  - src/models/operations/transactionsdeletemetadata.ts
  - src/models/operations/transactionsrevert.ts
  - src/models/errors/ledgererror.ts
  - src/models/errors/index.ts
  - src/models/components/index.ts
  - src/models/operations/index.ts
  - docs/models/components/serverinfo.md
  - docs/models/components/ledger.md
  - docs/models/components/ledgererrors.md
  - docs/models/components/bulkresponse.md
  - docs/models/components/responsetype.md
  - docs/models/components/createtransactionactionresponse.md
  - docs/models/components/transaction.md
  - docs/models/components/posting.md
  - docs/models/components/reverttransactionactionresponseresponsetype.md
  - docs/models/components/reverttransactionactionresponse.md
  - docs/models/components/addmetadataactionresponseresponsetype.md
  - docs/models/components/addmetadataactionresponse.md
  - docs/models/components/deletemetadataactionresponseresponsetype.md
  - docs/models/components/deletemetadataactionresponse.md
  - docs/models/components/bulkaction.md
  - docs/models/components/action.md
  - docs/models/components/data.md
  - docs/models/components/createtransactionaction.md
  - docs/models/components/createtransactionwithpostings.md
  - docs/models/components/script.md
  - docs/models/components/createtransactionwithnumscript.md
  - docs/models/components/addmetadataactionaction.md
  - docs/models/components/addmetadataaction.md
  - docs/models/components/addmetadatatarget.md
  - docs/models/components/targettype.md
  - docs/models/components/addmetadatatargetaccount.md
  - docs/models/components/addmetadatatargettransactiontargettype.md
  - docs/models/components/addmetadatatargettransaction.md
  - docs/models/components/reverttransactionactionaction.md
  - docs/models/components/reverttransactionactiondata.md
  - docs/models/components/reverttransactionaction.md
  - docs/models/components/deletemetadataactionaction.md
  - docs/models/components/deletemetadataaction.md
  - docs/models/components/deletemetadatatarget.md
  - docs/models/components/deletemetadatatargetaccounttargettype.md
  - docs/models/components/deletemetadatatargetaccount.md
  - docs/models/components/deletemetadatatargettransactiontargettype.md
  - docs/models/components/deletemetadatatargettransaction.md
  - docs/models/components/storage.md
  - docs/models/components/ledgerinfo.md
  - docs/models/components/migration.md
  - docs/models/components/migrationstate.md
  - docs/models/components/account.md
  - docs/models/components/volume.md
  - docs/models/components/volumeitem.md
  - docs/models/components/logentry.md
  - docs/models/components/logentrytype.md
  - docs/models/components/expendedtransaction.md
  - docs/models/components/security.md
  - docs/models/components/schemeformanceoauth.md
  - docs/models/operations/ledgerslistrequest.md
  - docs/models/operations/cursor.md
  - docs/models/operations/ledgerslistresponsebody.md
  - docs/models/operations/ledgerslistresponse.md
  - docs/models/operations/ledgersgetrequest.md
  - docs/models/operations/ledgersgetresponsebody.md
  - docs/models/operations/ledgerscreaterequestbody.md
  - docs/models/operations/ledgerscreaterequest.md
  - docs/models/operations/ledgersbulkrequest.md
  - docs/models/operations/ledgersbulkresponsebody.md
  - docs/models/operations/ledgersinforequest.md
  - docs/models/operations/ledgersinforesponsebody.md
  - docs/models/operations/ledgersaddmetadatarequest.md
  - docs/models/operations/ledgersremovemetadatarequest.md
  - docs/models/operations/ledgersstatsrequest.md
  - docs/models/operations/data.md
  - docs/models/operations/ledgersstatsresponsebody.md
  - docs/models/operations/accountslistrequest.md
  - docs/models/operations/accountslistcursor.md
  - docs/models/operations/accountslistresponsebody.md
  - docs/models/operations/accountslistresponse.md
  - docs/models/operations/accountscountrequest.md
  - docs/models/operations/accountscountresponse.md
  - docs/models/operations/accountsgetrequest.md
  - docs/models/operations/accountsgetresponsebody.md
  - docs/models/operations/accountsaddmetadatarequestbody.md
  - docs/models/operations/accountsaddmetadatarequest.md
  - docs/models/operations/accountsremovemetadatarequest.md
  - docs/models/operations/balancesaggregaterequest.md
  - docs/models/operations/balancesaggregateresponsebody.md
  - docs/models/operations/balancesvolumesrequest.md
  - docs/models/operations/balancesvolumescursor.md
  - docs/models/operations/balancesvolumesresponsebody.md
  - docs/models/operations/balancesvolumesresponse.md
  - docs/models/operations/logslistrequest.md
  - docs/models/operations/logslistcursor.md
  - docs/models/operations/logslistresponsebody.md
  - docs/models/operations/logslistresponse.md
  - docs/models/operations/logsexportrequest.md
  - docs/models/operations/logsingestrequest.md
  - docs/models/operations/transactionscountrequest.md
  - docs/models/operations/transactionscountresponse.md
  - docs/models/operations/transactionslistrequest.md
  - docs/models/operations/transactionslistcursor.md
  - docs/models/operations/transactionslistresponsebody.md
  - docs/models/operations/transactionslistresponse.md
  - docs/models/operations/transactionscreaterequestbody.md
  - docs/models/operations/transactionscreaterequest.md
  - docs/models/operations/transactionscreateresponsebody.md
  - docs/models/operations/transactionsgetrequest.md
  - docs/models/operations/transactionsgetresponsebody.md
  - docs/models/operations/transactionsaddmetadatarequestbody.md
  - docs/models/operations/transactionsaddmetadatarequest.md
  - docs/models/operations/transactionsdeletemetadatarequest.md
  - docs/models/operations/transactionsrevertrequest.md
  - docs/models/operations/transactionsrevertresponsebody.md
  - docs/models/errors/ledgererror.md
  - docs/lib/utils/retryconfig.md
  - docs/sdks/ledgerclient/README.md
  - docs/sdks/ledgers/README.md
  - docs/sdks/accounts/README.md
  - docs/sdks/balances/README.md
  - docs/sdks/logs/README.md
  - docs/sdks/transactions/README.md
  - USAGE.md
  - .gitattributes
  - src/hooks/hooks.ts
  - src/hooks/types.ts
  - src/hooks/index.ts
  - src/hooks/clientcredentials.ts
  - CONTRIBUTING.md
