speakeasyVersion: 1.325.1
sources: {}
targets:
    ts-auth:
        source: auth
        outLocation: ./packages/client-auth
    ts-ledger:
        source: ledger
        outLocation: ./packages/client-ledger
    ts-payments:
        source: payments
        outLocation: ./packages/client-payments
    ts-reconciliation:
        source: reconciliation
        outLocation: ./packages/client-reconciliation
    ts-wallets:
        source: wallets
        outLocation: ./packages/client-wallets
workflow:
    workflowVersion: 1.0.0
    speakeasyVersion: latest
    sources:
        auth:
            inputs:
                - location: registry.speakeasyapi.dev/formance/formance/auth
        ledger:
            inputs:
                - location: registry.speakeasyapi.dev/formance/formance/ledger
        payments:
            inputs:
                - location: registry.speakeasyapi.dev/formance/formance/payments
        reconciliation:
            inputs:
                - location: registry.speakeasyapi.dev/formance/formance/reconciliation
        wallets:
            inputs:
                - location: registry.speakeasyapi.dev/formance/formance/wallets
    targets:
        ts-auth:
            target: typescript
            source: auth
            output: ./packages/client-auth
        ts-ledger:
            target: typescript
            source: ledger
            output: ./packages/client-ledger
        ts-payments:
            target: typescript
            source: payments
            output: ./packages/client-payments
        ts-reconciliation:
            target: typescript
            source: reconciliation
            output: ./packages/client-reconciliation
        ts-wallets:
            target: typescript
            source: wallets
            output: ./packages/client-wallets
