speakeasyVersion: 1.372.0
sources:
    auth:
        sourceNamespace: auth
        sourceRevisionDigest: sha256:c6bfb0259e21298964bb59e34cd2b0ebd5b9d96eea15141c6d34beaeb06e9a63
        sourceBlobDigest: sha256:b1403aac668dfcd1423f080d7e170848c8bc5f17c508ac901760e529bef8b222
        tags:
            - latest
            - main
    flows:
        sourceNamespace: flows
        sourceRevisionDigest: sha256:aacba9d7410638a00ed4981066cfd1b7f26ae15ebfd852ec336726d0a2918cc5
        sourceBlobDigest: sha256:7833a774008a3be9c8e93a345e0095e5d466af17a5ebd95d7485e3439824e69f
        tags:
            - latest
            - main
    ledger:
        sourceNamespace: ledger
        sourceRevisionDigest: sha256:7fbdfd0f69b1a6ca03bf5c85a1413c35b431e2dacc2f1ebf69c5bc41aa81eb03
        sourceBlobDigest: sha256:7da664a8ac6f699bbedf49be73de3bea2e06695dacc039f9a19734786746eb78
        tags:
            - latest
            - main
    payments:
        sourceNamespace: payments
        sourceRevisionDigest: sha256:e5a108206583376b46b7a708362cd216dae7be22f834efbda24cb2f1844f60e2
        sourceBlobDigest: sha256:dc72489689175e5267bd3b8575ebd4fb71d5f6a144a71cc726681b3d302f996d
        tags:
            - latest
            - main
targets:
    ts-auth:
        source: auth
        sourceNamespace: auth
        sourceRevisionDigest: sha256:c6bfb0259e21298964bb59e34cd2b0ebd5b9d96eea15141c6d34beaeb06e9a63
        sourceBlobDigest: sha256:b1403aac668dfcd1423f080d7e170848c8bc5f17c508ac901760e529bef8b222
        outLocation: packages/client-auth
    ts-connectivity:
        source: payments
        sourceNamespace: payments
        sourceRevisionDigest: sha256:e5a108206583376b46b7a708362cd216dae7be22f834efbda24cb2f1844f60e2
        sourceBlobDigest: sha256:dc72489689175e5267bd3b8575ebd4fb71d5f6a144a71cc726681b3d302f996d
        outLocation: packages/client-connectivity
    ts-flows:
        source: flows
        sourceNamespace: flows
        sourceRevisionDigest: sha256:aacba9d7410638a00ed4981066cfd1b7f26ae15ebfd852ec336726d0a2918cc5
        sourceBlobDigest: sha256:7833a774008a3be9c8e93a345e0095e5d466af17a5ebd95d7485e3439824e69f
        outLocation: packages/client-flows
    ts-ledger:
        source: ledger
        sourceNamespace: ledger
        sourceRevisionDigest: sha256:7fbdfd0f69b1a6ca03bf5c85a1413c35b431e2dacc2f1ebf69c5bc41aa81eb03
        sourceBlobDigest: sha256:7da664a8ac6f699bbedf49be73de3bea2e06695dacc039f9a19734786746eb78
        outLocation: packages/client-ledger
    ts-payments:
        source: payments
        outLocation: ./packages/client-payments
    ts-reconciliation:
        source: reconciliation
        outLocation: packages/client-reconciliation
    ts-wallets:
        source: wallets
        outLocation: packages/client-wallets
workflow:
    workflowVersion: 1.0.0
    speakeasyVersion: latest
    sources:
        auth:
            inputs:
                - location: registry.speakeasyapi.dev/formance/formance/auth
        flows:
            inputs:
                - location: registry.speakeasyapi.dev/formance/formance/flows
        ledger:
            inputs:
                - location: registry.speakeasyapi.dev/formance/formance/ledger
        payments:
            inputs:
                - location: registry.speakeasyapi.dev/formance/formance/payments
        reconciliation:
            inputs:
                - location: registry.speakeasyapi.dev/formance/formance/reconciliation
        wallets:
            inputs:
                - location: registry.speakeasyapi.dev/formance/formance/wallets
    targets:
        ts-auth:
            target: typescript
            source: auth
            output: packages/client-auth
            publish:
                npm:
                    token: $npm_token
        ts-connectivity:
            target: typescript
            source: payments
            output: packages/client-connectivity
            publish:
                npm:
                    token: $npm_token
        ts-flows:
            target: typescript
            source: flows
            output: packages/client-flows
            publish:
                npm:
                    token: $npm_token
        ts-ledger:
            target: typescript
            source: ledger
            output: packages/client-ledger
            publish:
                npm:
                    token: $npm_token
        ts-reconciliation:
            target: typescript
            source: reconciliation
            output: packages/client-reconciliation
            publish:
                npm:
                    token: $npm_token
        ts-wallets:
            target: typescript
            source: wallets
            output: packages/client-wallets
            publish:
                npm:
                    token: $npm_token
