lockVersion: 2.0.0
id: a70888d9-795e-48d6-b8d1-99347eb16e34
management:
  docChecksum: 058a866d8b8522f52f13e0af0bd7c816
  docVersion: 0.0.0
  speakeasyVersion: 1.368.0
  generationVersion: 2.399.0
  releaseVersion: 1.0.0-alpha.12
  configChecksum: 2256e9019f0742fb6208f0133e9cfc9a
  repoURL: https://github.com/formancehq/formance-sdk-typescript-next.git
  repoSubDirectory: packages/client-wallets
  installationURL: https://gitpkg.now.sh/formancehq/formance-sdk-typescript-next/packages/client-wallets
  published: true
features:
  typescript:
    additionalDependencies: 0.1.0
    core: 3.13.2
    defaultEnabledRetries: 0.1.0
    envVarSecurityUsage: 0.1.1
    errors: 2.82.1
    flattening: 2.81.1
    globalSecurity: 2.82.11
    globalSecurityCallbacks: 0.1.0
    globalServerURLs: 2.82.4
    groups: 2.81.2
    nameOverrides: 2.81.2
    oauth2ClientCredentials: 0.2.0
    pagination: 2.82.6
    responseFormat: 0.2.3
    retries: 2.83.0
    sdkHooks: 0.1.0
    unions: 2.85.7
generatedFiles:
  - src/funcs/info.ts
  - src/funcs/holdsList.ts
  - src/funcs/holdsGet.ts
  - src/funcs/holdsConfirm.ts
  - src/funcs/holdsCancel.ts
  - src/funcs/walletsList.ts
  - src/funcs/walletsCreate.ts
  - src/funcs/walletsGet.ts
  - src/funcs/walletsUpdate.ts
  - src/funcs/walletsCredit.ts
  - src/funcs/walletsDebit.ts
  - src/funcs/walletsSummary.ts
  - src/funcs/balancesCreate.ts
  - src/funcs/balancesList.ts
  - src/funcs/balancesGet.ts
  - src/sdk/holds.ts
  - src/sdk/wallets.ts
  - src/sdk/balances.ts
  - src/sdk/sdk.ts
  - .eslintrc.cjs
  - .npmignore
  - FUNCTIONS.md
  - RUNTIMES.md
  - jsr.json
  - package.json
  - src/core.ts
  - src/index.ts
  - src/lib/base64.ts
  - src/lib/config.ts
  - src/lib/dlv.ts
  - src/lib/encodings.ts
  - src/lib/http.ts
  - src/lib/is-plain-object.ts
  - src/lib/logger.ts
  - src/lib/matchers.ts
  - src/lib/primitives.ts
  - src/lib/retries.ts
  - src/lib/schemas.ts
  - src/lib/sdks.ts
  - src/lib/security.ts
  - src/lib/url.ts
  - src/sdk/index.ts
  - src/models/errors/httpclienterrors.ts
  - src/models/errors/sdkerror.ts
  - src/models/errors/sdkvalidationerror.ts
  - src/types/blobs.ts
  - src/types/constdatetime.ts
  - src/types/enums.ts
  - src/types/fp.ts
  - src/types/index.ts
  - src/types/operations.ts
  - src/types/rfcdate.ts
  - tsconfig.json
  - src/models/components/serverinfo.ts
  - src/models/components/hold.ts
  - src/models/components/walletcounterpart.ts
  - src/models/components/walletcounterpartaccount.ts
  - src/models/components/walletcounterpartwallet.ts
  - src/models/components/walletserrorcodes.ts
  - src/models/components/wallet.ts
  - src/models/components/creditwalletinput.ts
  - src/models/components/debitwalletinput.ts
  - src/models/components/walletsummary.ts
  - src/models/components/balanceswithassets.ts
  - src/models/components/balance.ts
  - src/models/components/security.ts
  - src/models/components/schemeformanceoauth.ts
  - src/models/operations/holdslist.ts
  - src/models/operations/holdsget.ts
  - src/models/operations/holdsconfirm.ts
  - src/models/operations/holdscancel.ts
  - src/models/operations/walletslist.ts
  - src/models/operations/walletscreate.ts
  - src/models/operations/walletsget.ts
  - src/models/operations/walletsupdate.ts
  - src/models/operations/walletscredit.ts
  - src/models/operations/walletsdebit.ts
  - src/models/operations/walletssummary.ts
  - src/models/operations/balancescreate.ts
  - src/models/operations/balanceslist.ts
  - src/models/operations/balancesget.ts
  - src/models/errors/walletserror.ts
  - src/models/errors/index.ts
  - src/models/components/index.ts
  - src/models/operations/index.ts
  - docs/models/components/serverinfo.md
  - docs/models/components/hold.md
  - docs/models/components/walletcounterpart.md
  - docs/models/components/type.md
  - docs/models/components/walletcounterpartaccount.md
  - docs/models/components/walletcounterpartwallettype.md
  - docs/models/components/walletcounterpartwallet.md
  - docs/models/components/walletserrorcodes.md
  - docs/models/components/wallet.md
  - docs/models/components/amount.md
  - docs/models/components/creditwalletinput.md
  - docs/models/components/debitwalletinputamount.md
  - docs/models/components/debitwalletinput.md
  - docs/models/components/walletsummary.md
  - docs/models/components/balanceswithassets.md
  - docs/models/components/balance.md
  - docs/models/components/security.md
  - docs/models/components/schemeformanceoauth.md
  - docs/models/operations/holdslistrequest.md
  - docs/models/operations/cursor.md
  - docs/models/operations/holdslistresponsebody.md
  - docs/models/operations/holdslistresponse.md
  - docs/models/operations/holdsgetrequest.md
  - docs/models/operations/holdsgetresponsebody.md
  - docs/models/operations/holdsconfirmrequestbody.md
  - docs/models/operations/holdsconfirmrequest.md
  - docs/models/operations/holdscancelrequest.md
  - docs/models/operations/walletslistrequest.md
  - docs/models/operations/walletslistcursor.md
  - docs/models/operations/walletslistresponsebody.md
  - docs/models/operations/walletslistresponse.md
  - docs/models/operations/walletscreaterequestbody.md
  - docs/models/operations/walletsgetrequest.md
  - docs/models/operations/walletsgetresponsebody.md
  - docs/models/operations/walletsupdaterequestbody.md
  - docs/models/operations/walletsupdaterequest.md
  - docs/models/operations/walletscreditrequest.md
  - docs/models/operations/walletsdebitrequest.md
  - docs/models/operations/walletsdebitresponsebody.md
  - docs/models/operations/walletssummaryrequest.md
  - docs/models/operations/walletssummaryresponsebody.md
  - docs/models/operations/balancescreaterequestbody.md
  - docs/models/operations/balancescreaterequest.md
  - docs/models/operations/balancescreateresponsebody.md
  - docs/models/operations/balanceslistrequest.md
  - docs/models/operations/balanceslistcursor.md
  - docs/models/operations/balanceslistresponsebody.md
  - docs/models/operations/balanceslistresponse.md
  - docs/models/operations/balancesgetrequest.md
  - docs/models/operations/balancesgetresponsebody.md
  - docs/models/errors/walletserror.md
  - docs/lib/utils/retryconfig.md
  - docs/sdks/walletsclient/README.md
  - docs/sdks/holds/README.md
  - docs/sdks/wallets/README.md
  - docs/sdks/balances/README.md
  - USAGE.md
  - .gitattributes
  - src/hooks/hooks.ts
  - src/hooks/types.ts
  - src/hooks/index.ts
  - src/hooks/clientcredentials.ts
  - CONTRIBUTING.md
