lockVersion: 2.0.0
id: 77bcf672-4bd4-4149-b809-35407f8403f3
management:
  docChecksum: 00309fe8f1f0a66ef07772d3cff3db4c
  docVersion: 0.0.0
  speakeasyVersion: 1.349.2
  generationVersion: 2.382.2
  releaseVersion: 1.0.0-alpha.12
  configChecksum: 0bce0422933dd974fb1d3d74c19b64e1
  repoURL: https://github.com/formancehq/formance-sdk-typescript-next.git
  repoSubDirectory: packages/client-connectivity
  installationURL: https://gitpkg.now.sh/formancehq/formance-sdk-typescript-next/packages/client-connectivity
  published: true
features:
  typescript:
    additionalDependencies: 0.1.0
    constsAndDefaults: 0.1.5
    core: 3.11.11
    defaultEnabledRetries: 0.1.0
    deprecations: 2.81.1
    envVarSecurityUsage: 0.1.0
    errors: 2.81.12
    flattening: 2.81.1
    globalSecurity: 2.82.9
    globalSecurityCallbacks: 0.1.0
    globalServerURLs: 2.82.4
    groups: 2.81.2
    nameOverrides: 2.81.2
    oauth2ClientCredentials: 0.1.4
    pagination: 2.82.6
    responseFormat: 0.2.3
    retries: 2.83.0
    sdkHooks: 0.1.0
    unions: 2.85.6
generatedFiles:
  - src/sdk/accounts.ts
  - src/sdk/bankaccounts.ts
  - src/sdk/connectors.ts
  - src/sdk/paymentsv1.ts
  - src/sdk/cashpools.ts
  - src/sdk/transferinitiations.ts
  - src/sdk/sdk.ts
  - .eslintrc.cjs
  - .npmignore
  - RUNTIMES.md
  - jsr.json
  - package.json
  - src/index.ts
  - src/lib/base64.ts
  - src/lib/config.ts
  - src/lib/dlv.ts
  - src/lib/encodings.ts
  - src/lib/http.ts
  - src/lib/is-plain-object.ts
  - src/lib/primitives.ts
  - src/lib/retries.ts
  - src/lib/schemas.ts
  - src/lib/sdks.ts
  - src/lib/security.ts
  - src/lib/url.ts
  - src/sdk/index.ts
  - src/models/errors/sdkerror.ts
  - src/models/errors/sdkvalidationerror.ts
  - src/types/blobs.ts
  - src/types/enums.ts
  - src/types/index.ts
  - src/types/operations.ts
  - src/types/rfcdate.ts
  - tsconfig.json
  - src/models/components/serverinfo.ts
  - src/models/components/paymenterrorcodes.ts
  - src/models/components/account.ts
  - src/models/components/accounttype.ts
  - src/models/components/connector.ts
  - src/models/components/accountbalance.ts
  - src/models/components/bankaccount.ts
  - src/models/components/bankaccountrelatedaccount.ts
  - src/models/components/stripeconfig.ts
  - src/models/components/dumypayconfig.ts
  - src/models/components/wiseconfig.ts
  - src/models/components/modulrconfig.ts
  - src/models/components/currencycloudconfig.ts
  - src/models/components/bankingcircleconfig.ts
  - src/models/components/mangopayconfig.ts
  - src/models/components/moneycorpconfig.ts
  - src/models/components/atlarconfig.ts
  - src/models/components/adyenconfig.ts
  - src/models/components/genericconfig.ts
  - src/models/components/taskstripe.ts
  - src/models/components/paymentstatus.ts
  - src/models/components/taskwise.ts
  - src/models/components/taskcurrencycloud.ts
  - src/models/components/taskdummypay.ts
  - src/models/components/taskmodulr.ts
  - src/models/components/taskbankingcircle.ts
  - src/models/components/taskmangopay.ts
  - src/models/components/taskmoneycorp.ts
  - src/models/components/payment.ts
  - src/models/components/paymentadjustment.ts
  - src/models/components/paymentscheme.ts
  - src/models/components/paymenttype.ts
  - src/models/components/createpaymentrequest.ts
  - src/models/components/cashpool.ts
  - src/models/components/poolbalance.ts
  - src/models/components/transferinitiation.ts
  - src/models/components/transferinitiationpayment.ts
  - src/models/components/transferinitiationstatus.ts
  - src/models/components/transferinitiationtype.ts
  - src/models/components/transferinitiationwritablestatus.ts
  - src/models/components/security.ts
  - src/models/components/schemeformanceoauth.ts
  - src/models/errors/paymentserror.ts
  - src/models/operations/accountslist.ts
  - src/models/operations/accountscreate.ts
  - src/models/operations/accountsget.ts
  - src/models/operations/accountsbalances.ts
  - src/models/operations/bankaccountscreate.ts
  - src/models/operations/bankaccountslist.ts
  - src/models/operations/bankaccountsget.ts
  - src/models/operations/bankaccountsforward.ts
  - src/models/operations/bankaccountsupdatemetatdata.ts
  - src/models/operations/connectorsinstall.ts
  - src/models/operations/connectorsuninstall.ts
  - src/models/operations/connectorsupdate.ts
  - src/models/operations/connectorsget.ts
  - src/models/operations/connectorsreset.ts
  - src/models/operations/connectorslisttask.ts
  - src/models/operations/connectorsgettask.ts
  - src/models/operations/paymentsv1create.ts
  - src/models/operations/paymentsv1list.ts
  - src/models/operations/paymentsv1get.ts
  - src/models/operations/paymentsv1updatemetatdata.ts
  - src/models/operations/cashpoolslist.ts
  - src/models/operations/cashpoolscreate.ts
  - src/models/operations/cashpoolsget.ts
  - src/models/operations/cashpoolsdelete.ts
  - src/models/operations/cashpoolsaddaccount.ts
  - src/models/operations/cashpoolsremoveaccount.ts
  - src/models/operations/cashpoolsbalances.ts
  - src/models/operations/transferinitiationslist.ts
  - src/models/operations/transferinitiationscreate.ts
  - src/models/operations/transferinitiationsget.ts
  - src/models/operations/transferinitiationsdelete.ts
  - src/models/operations/transferinitiationsretry.ts
  - src/models/operations/transferinitiationsreverse.ts
  - src/models/operations/transferinitiationsupdatestatus.ts
  - src/models/errors/index.ts
  - src/models/components/index.ts
  - src/models/operations/index.ts
  - docs/models/components/serverinfo.md
  - docs/models/components/paymenterrorcodes.md
  - docs/models/components/account.md
  - docs/models/components/accounttype.md
  - docs/models/components/connector.md
  - docs/models/components/accountbalance.md
  - docs/models/components/bankaccount.md
  - docs/models/components/bankaccountrelatedaccount.md
  - docs/models/components/stripeconfig.md
  - docs/models/components/dumypayconfig.md
  - docs/models/components/wiseconfig.md
  - docs/models/components/modulrconfig.md
  - docs/models/components/currencycloudconfig.md
  - docs/models/components/bankingcircleconfig.md
  - docs/models/components/mangopayconfig.md
  - docs/models/components/moneycorpconfig.md
  - docs/models/components/atlarconfig.md
  - docs/models/components/adyenconfig.md
  - docs/models/components/genericconfig.md
  - docs/models/components/taskstripe.md
  - docs/models/components/paymentstatus.md
  - docs/models/components/taskwise.md
  - docs/models/components/taskcurrencycloud.md
  - docs/models/components/taskdummypay.md
  - docs/models/components/taskmodulr.md
  - docs/models/components/taskbankingcircle.md
  - docs/models/components/taskmangopay.md
  - docs/models/components/taskmoneycorp.md
  - docs/models/components/payment.md
  - docs/models/components/paymentadjustment.md
  - docs/models/components/paymentscheme.md
  - docs/models/components/paymenttype.md
  - docs/models/components/createpaymentrequest.md
  - docs/models/components/cashpool.md
  - docs/models/components/poolbalance.md
  - docs/models/components/transferinitiation.md
  - docs/models/components/transferinitiationpayment.md
  - docs/models/components/transferinitiationstatus.md
  - docs/models/components/transferinitiationtype.md
  - docs/models/components/transferinitiationwritablestatus.md
  - docs/models/components/security.md
  - docs/models/components/schemeformanceoauth.md
  - docs/models/errors/paymentserror.md
  - docs/models/operations/accountslistrequest.md
  - docs/models/operations/cursor.md
  - docs/models/operations/accountslistresponsebody.md
  - docs/models/operations/accountslistresponse.md
  - docs/models/operations/accountscreaterequestbody.md
  - docs/models/operations/accountscreateresponsebody.md
  - docs/models/operations/accountsgetrequest.md
  - docs/models/operations/accountsgetresponsebody.md
  - docs/models/operations/accountsbalancesrequest.md
  - docs/models/operations/accountsbalancescursor.md
  - docs/models/operations/accountsbalancesresponsebody.md
  - docs/models/operations/accountsbalancesresponse.md
  - docs/models/operations/bankaccountscreaterequestbody.md
  - docs/models/operations/bankaccountscreateresponsebody.md
  - docs/models/operations/bankaccountslistrequest.md
  - docs/models/operations/bankaccountslistcursor.md
  - docs/models/operations/bankaccountslistresponsebody.md
  - docs/models/operations/bankaccountslistresponse.md
  - docs/models/operations/bankaccountsgetrequest.md
  - docs/models/operations/bankaccountsgetresponsebody.md
  - docs/models/operations/bankaccountsforwardrequestbody.md
  - docs/models/operations/bankaccountsforwardrequest.md
  - docs/models/operations/bankaccountsforwardresponsebody.md
  - docs/models/operations/bankaccountsupdatemetatdatarequestbody.md
  - docs/models/operations/bankaccountsupdatemetatdatarequest.md
  - docs/models/operations/connectorsinstallrequestbody.md
  - docs/models/operations/connectorsinstallrequest.md
  - docs/models/operations/data.md
  - docs/models/operations/connectorsinstallresponsebody.md
  - docs/models/operations/connectorsuninstallrequest.md
  - docs/models/operations/connectorsupdaterequestbody.md
  - docs/models/operations/connectorsupdaterequest.md
  - docs/models/operations/connectorsgetrequest.md
  - docs/models/operations/connectorsgetdata.md
  - docs/models/operations/connectorsgetresponsebody.md
  - docs/models/operations/connectorsresetrequest.md
  - docs/models/operations/connectorslisttaskrequest.md
  - docs/models/operations/connectorslisttaskdata.md
  - docs/models/operations/connectorslisttaskcursor.md
  - docs/models/operations/connectorslisttaskresponsebody.md
  - docs/models/operations/connectorslisttaskresponse.md
  - docs/models/operations/connectorsgettaskrequest.md
  - docs/models/operations/connectorsgettaskdata.md
  - docs/models/operations/connectorsgettaskresponsebody.md
  - docs/models/operations/paymentsv1createresponsebody.md
  - docs/models/operations/paymentsv1listrequest.md
  - docs/models/operations/paymentsv1listcursor.md
  - docs/models/operations/paymentsv1listresponsebody.md
  - docs/models/operations/paymentsv1listresponse.md
  - docs/models/operations/paymentsv1getrequest.md
  - docs/models/operations/paymentsv1getresponsebody.md
  - docs/models/operations/paymentsv1updatemetatdatarequest.md
  - docs/models/operations/cashpoolslistrequest.md
  - docs/models/operations/cashpoolslistcursor.md
  - docs/models/operations/cashpoolslistresponsebody.md
  - docs/models/operations/cashpoolslistresponse.md
  - docs/models/operations/cashpoolscreaterequestbody.md
  - docs/models/operations/cashpoolscreateresponsebody.md
  - docs/models/operations/cashpoolsgetrequest.md
  - docs/models/operations/cashpoolsgetresponsebody.md
  - docs/models/operations/cashpoolsdeleterequest.md
  - docs/models/operations/cashpoolsaddaccountrequestbody.md
  - docs/models/operations/cashpoolsaddaccountrequest.md
  - docs/models/operations/cashpoolsremoveaccountrequest.md
  - docs/models/operations/cashpoolsbalancesrequest.md
  - docs/models/operations/cashpoolsbalancesdata.md
  - docs/models/operations/cashpoolsbalancesresponsebody.md
  - docs/models/operations/transferinitiationslistrequest.md
  - docs/models/operations/transferinitiationslistcursor.md
  - docs/models/operations/transferinitiationslistresponsebody.md
  - docs/models/operations/transferinitiationslistresponse.md
  - docs/models/operations/transferinitiationscreaterequestbody.md
  - docs/models/operations/transferinitiationscreateresponsebody.md
  - docs/models/operations/transferinitiationsgetrequest.md
  - docs/models/operations/transferinitiationsgetresponsebody.md
  - docs/models/operations/transferinitiationsdeleterequest.md
  - docs/models/operations/transferinitiationsretryrequest.md
  - docs/models/operations/transferinitiationsreverserequestbody.md
  - docs/models/operations/transferinitiationsreverserequest.md
  - docs/models/operations/transferinitiationsupdatestatusrequestbody.md
  - docs/models/operations/transferinitiationsupdatestatusrequest.md
  - docs/lib/utils/retryconfig.md
  - docs/sdks/connectivityclient/README.md
  - docs/sdks/accounts/README.md
  - docs/sdks/bankaccounts/README.md
  - docs/sdks/connectors/README.md
  - docs/sdks/paymentsv1/README.md
  - docs/sdks/cashpools/README.md
  - docs/sdks/transferinitiations/README.md
  - USAGE.md
  - .gitattributes
  - src/hooks/hooks.ts
  - src/hooks/types.ts
  - src/hooks/index.ts
  - src/hooks/clientcredentials.ts
  - CONTRIBUTING.md
